
Microsoft Visual Studio Solution File, Format Version 12.00
# Visual Studio Version 17
VisualStudioVersion = 17.5.002.0
MinimumVisualStudioVersion = 10.0.40219.1
Project("{9A19103F-16F7-4668-BE54-9A1E7A4F7556}") = "Tuple", "Tuple.csproj", "{523AC652-2821-401E-AD8A-663342C83363}"
EndProject
Global
	GlobalSection(SolutionConfigurationPlatforms) = preSolution
		Debug|Any CPU = Debug|Any CPU
		Release|Any CPU = Release|Any CPU
	EndGlobalSection
	GlobalSection(ProjectConfigurationPlatforms) = postSolution
		{523AC652-2821-401E-AD8A-663342C83363}.Debug|Any CPU.ActiveCfg = Debug|Any CPU
		{523AC652-2821-401E-AD8A-663342C83363}.Debug|Any CPU.Build.0 = Debug|Any CPU
		{523AC652-2821-401E-AD8A-663342C83363}.Release|Any CPU.ActiveCfg = Release|Any CPU
		{523AC652-2821-401E-AD8A-663342C83363}.Release|Any CPU.Build.0 = Release|Any CPU
	EndGlobalSection
	GlobalSection(SolutionProperties) = preSolution
		HideSolutionNode = FALSE
	EndGlobalSection
	GlobalSection(ExtensibilityGlobals) = postSolution
		SolutionGuid = {1A32E7F7-1454-4810-94F7-F8A5704BEFBC}
	EndGlobalSection
EndGlobal
